
Microsoft Visual Studio Solution File, Format Version 12.00
# Visual Studio Version 17
VisualStudioVersion = 17.0.31903.59
MinimumVisualStudioVersion = 10.0.40219.1
Project("{FAE04EC0-301F-11D3-BF4B-00C04F79EFBC}") = "MessagingSample.Domain", "src\MessagingSample.Domain\MessagingSample.Domain.csproj", "{840152DC-C16C-4F8D-82FE-1A896ED9C219}"
EndProject
Project("{2150E333-8FDC-42A3-9474-1A3956D46DE8}") = "src", "src", "{79F49018-A2A3-4A2E-9ABE-BEFE746DD427}"
EndProject
Project("{FAE04EC0-301F-11D3-BF4B-00C04F79EFBC}") = "MessagingSample.ApplicationServer", "src\MessagingSample.ApplicationServer\MessagingSample.ApplicationServer.csproj", "{48E0EA28-46B4-4C3F-A954-9C47919EC273}"
EndProject
Project("{FAE04EC0-301F-11D3-BF4B-00C04F79EFBC}") = "MessagingSample.BackgroundService", "src\MessagingSample.BackgroundService\MessagingSample.BackgroundService.csproj", "{424B2652-C8B2-4071-82DD-0AD4DBCA83DF}"
EndProject
Project("{FAE04EC0-301F-11D3-BF4B-00C04F79EFBC}") = "MessagingSample.Infrastructure", "src\MessagingSample.Infrastructure\MessagingSample.Infrastructure.csproj", "{0F6E21D4-48B7-4DE7-8C61-F8730C1A3575}"
EndProject
Global
	GlobalSection(SolutionConfigurationPlatforms) = preSolution
		Debug|Any CPU = Debug|Any CPU
		Release|Any CPU = Release|Any CPU
	EndGlobalSection
	GlobalSection(ProjectConfigurationPlatforms) = postSolution
		{840152DC-C16C-4F8D-82FE-1A896ED9C219}.Debug|Any CPU.ActiveCfg = Debug|Any CPU
		{840152DC-C16C-4F8D-82FE-1A896ED9C219}.Debug|Any CPU.Build.0 = Debug|Any CPU
		{840152DC-C16C-4F8D-82FE-1A896ED9C219}.Release|Any CPU.ActiveCfg = Release|Any CPU
		{840152DC-C16C-4F8D-82FE-1A896ED9C219}.Release|Any CPU.Build.0 = Release|Any CPU
		{48E0EA28-46B4-4C3F-A954-9C47919EC273}.Debug|Any CPU.ActiveCfg = Debug|Any CPU
		{48E0EA28-46B4-4C3F-A954-9C47919EC273}.Debug|Any CPU.Build.0 = Debug|Any CPU
		{48E0EA28-46B4-4C3F-A954-9C47919EC273}.Release|Any CPU.ActiveCfg = Release|Any CPU
		{48E0EA28-46B4-4C3F-A954-9C47919EC273}.Release|Any CPU.Build.0 = Release|Any CPU
		{424B2652-C8B2-4071-82DD-0AD4DBCA83DF}.Debug|Any CPU.ActiveCfg = Debug|Any CPU
		{424B2652-C8B2-4071-82DD-0AD4DBCA83DF}.Debug|Any CPU.Build.0 = Debug|Any CPU
		{424B2652-C8B2-4071-82DD-0AD4DBCA83DF}.Release|Any CPU.ActiveCfg = Release|Any CPU
		{424B2652-C8B2-4071-82DD-0AD4DBCA83DF}.Release|Any CPU.Build.0 = Release|Any CPU
		{0F6E21D4-48B7-4DE7-8C61-F8730C1A3575}.Debug|Any CPU.ActiveCfg = Debug|Any CPU
		{0F6E21D4-48B7-4DE7-8C61-F8730C1A3575}.Debug|Any CPU.Build.0 = Debug|Any CPU
		{0F6E21D4-48B7-4DE7-8C61-F8730C1A3575}.Release|Any CPU.ActiveCfg = Release|Any CPU
		{0F6E21D4-48B7-4DE7-8C61-F8730C1A3575}.Release|Any CPU.Build.0 = Release|Any CPU
	EndGlobalSection
	GlobalSection(SolutionProperties) = preSolution
		HideSolutionNode = FALSE
	EndGlobalSection
	GlobalSection(NestedProjects) = preSolution
		{840152DC-C16C-4F8D-82FE-1A896ED9C219} = {79F49018-A2A3-4A2E-9ABE-BEFE746DD427}
		{48E0EA28-46B4-4C3F-A954-9C47919EC273} = {79F49018-A2A3-4A2E-9ABE-BEFE746DD427}
		{424B2652-C8B2-4071-82DD-0AD4DBCA83DF} = {79F49018-A2A3-4A2E-9ABE-BEFE746DD427}
		{0F6E21D4-48B7-4DE7-8C61-F8730C1A3575} = {79F49018-A2A3-4A2E-9ABE-BEFE746DD427}
	EndGlobalSection
	GlobalSection(ExtensibilityGlobals) = postSolution
		SolutionGuid = {7E680251-CFC4-4E22-8563-FD0C8C0D6513}
	EndGlobalSection
EndGlobal
